
Microsoft Visual Studio Solution File, Format Version 12.00
# Visual Studio Version 16
VisualStudioVersion = 16.0.29613.14
MinimumVisualStudioVersion = 15.0.26124.0
Project("{2150E333-8FDC-42A3-9474-1A3956D46DE8}") = "src", "src", "{8B5E4982-FAE1-4910-9CF8-7E130C776458}"
EndProject
Project("{9A19103F-16F7-4668-BE54-9A1E7A4F7556}") = "BookShop.API", "src\BookShop.API\BookShop.API.csproj", "{BCABFD6E-53DB-4BCB-B747-4E93A7D79349}"
EndProject
Project("{9A19103F-16F7-4668-BE54-9A1E7A4F7556}") = "BookShop.Domain", "src\BookShop.Domain\BookShop.Domain.csproj", "{717EAB7F-EC96-4706-9724-D10ED012224C}"
EndProject
Project("{2150E333-8FDC-42A3-9474-1A3956D46DE8}") = "BookShopService", "BookShopService", "{539CFC57-D64E-474D-9994-020A73FC9F72}"
EndProject
Project("{2150E333-8FDC-42A3-9474-1A3956D46DE8}") = "CartService", "CartService", "{70F767C5-9BEF-4E7D-B65C-CE1087F6858D}"
EndProject
Project("{2150E333-8FDC-42A3-9474-1A3956D46DE8}") = "Tests", "Tests", "{B11E3030-AA5B-44BB-8B19-3C2D875A2341}"
EndProject
Project("{2150E333-8FDC-42A3-9474-1A3956D46DE8}") = "BookShopServiceTest", "BookShopServiceTest", "{EE544DB4-E169-4256-8237-0824C152CA1D}"
EndProject
Project("{9A19103F-16F7-4668-BE54-9A1E7A4F7556}") = "BookShop.EFRepository", "src\BookShop.EFRepository\BookShop.EFRepository.csproj", "{C661D33C-7344-484F-B6EA-B43BB1C3AFA3}"
EndProject
Project("{9A19103F-16F7-4668-BE54-9A1E7A4F7556}") = "BookShop.DapperRepository", "src\BookShop.DapperRepository\BookShop.DapperRepository.csproj", "{92268CB2-DF62-452D-A1E8-43E560EDE64E}"
EndProject
Project("{9A19103F-16F7-4668-BE54-9A1E7A4F7556}") = "BookShop.Services", "src\BookShop.Services\BookShop.Services.csproj", "{386B3129-5E0A-4224-88D4-9645BBE525E7}"
EndProject
Project("{9A19103F-16F7-4668-BE54-9A1E7A4F7556}") = "BookShop.API.Tests", "Tests\BookShop.API.Tests\BookShop.API.Tests.csproj", "{24E640A2-0E60-47A4-A9EE-B7CB64A2F7B1}"
EndProject
Project("{9A19103F-16F7-4668-BE54-9A1E7A4F7556}") = "BookShop.EFRepository.Tests", "Tests\BookShop.EFRepository.Tests\BookShop.EFRepository.Tests.csproj", "{0C48AAF9-9B27-4082-9235-2CABB1E55F60}"
EndProject
Project("{9A19103F-16F7-4668-BE54-9A1E7A4F7556}") = "BookShop.Services.Tests", "Tests\BookShop.Services.Tests\BookShop.Services.Tests.csproj", "{1A3367B7-7972-46FE-8575-E80ECD025524}"
EndProject
Project("{9A19103F-16F7-4668-BE54-9A1E7A4F7556}") = "BookShopFixtures", "Tests\BookShopFixtures\BookShopFixtures.csproj", "{D73B981F-F61E-4E4A-9779-A58B3876EB35}"
EndProject
Global
	GlobalSection(SolutionConfigurationPlatforms) = preSolution
		Debug|Any CPU = Debug|Any CPU
		Debug|x64 = Debug|x64
		Debug|x86 = Debug|x86
		Release|Any CPU = Release|Any CPU
		Release|x64 = Release|x64
		Release|x86 = Release|x86
	EndGlobalSection
	GlobalSection(ProjectConfigurationPlatforms) = postSolution
		{BCABFD6E-53DB-4BCB-B747-4E93A7D79349}.Debug|Any CPU.ActiveCfg = Debug|Any CPU
		{BCABFD6E-53DB-4BCB-B747-4E93A7D79349}.Debug|Any CPU.Build.0 = Debug|Any CPU
		{BCABFD6E-53DB-4BCB-B747-4E93A7D79349}.Debug|x64.ActiveCfg = Debug|Any CPU
		{BCABFD6E-53DB-4BCB-B747-4E93A7D79349}.Debug|x64.Build.0 = Debug|Any CPU
		{BCABFD6E-53DB-4BCB-B747-4E93A7D79349}.Debug|x86.ActiveCfg = Debug|Any CPU
		{BCABFD6E-53DB-4BCB-B747-4E93A7D79349}.Debug|x86.Build.0 = Debug|Any CPU
		{BCABFD6E-53DB-4BCB-B747-4E93A7D79349}.Release|Any CPU.ActiveCfg = Release|Any CPU
		{BCABFD6E-53DB-4BCB-B747-4E93A7D79349}.Release|Any CPU.Build.0 = Release|Any CPU
		{BCABFD6E-53DB-4BCB-B747-4E93A7D79349}.Release|x64.ActiveCfg = Release|Any CPU
		{BCABFD6E-53DB-4BCB-B747-4E93A7D79349}.Release|x64.Build.0 = Release|Any CPU
		{BCABFD6E-53DB-4BCB-B747-4E93A7D79349}.Release|x86.ActiveCfg = Release|Any CPU
		{BCABFD6E-53DB-4BCB-B747-4E93A7D79349}.Release|x86.Build.0 = Release|Any CPU
		{717EAB7F-EC96-4706-9724-D10ED012224C}.Debug|Any CPU.ActiveCfg = Debug|Any CPU
		{717EAB7F-EC96-4706-9724-D10ED012224C}.Debug|Any CPU.Build.0 = Debug|Any CPU
		{717EAB7F-EC96-4706-9724-D10ED012224C}.Debug|x64.ActiveCfg = Debug|Any CPU
		{717EAB7F-EC96-4706-9724-D10ED012224C}.Debug|x64.Build.0 = Debug|Any CPU
		{717EAB7F-EC96-4706-9724-D10ED012224C}.Debug|x86.ActiveCfg = Debug|Any CPU
		{717EAB7F-EC96-4706-9724-D10ED012224C}.Debug|x86.Build.0 = Debug|Any CPU
		{717EAB7F-EC96-4706-9724-D10ED012224C}.Release|Any CPU.ActiveCfg = Release|Any CPU
		{717EAB7F-EC96-4706-9724-D10ED012224C}.Release|Any CPU.Build.0 = Release|Any CPU
		{717EAB7F-EC96-4706-9724-D10ED012224C}.Release|x64.ActiveCfg = Release|Any CPU
		{717EAB7F-EC96-4706-9724-D10ED012224C}.Release|x64.Build.0 = Release|Any CPU
		{717EAB7F-EC96-4706-9724-D10ED012224C}.Release|x86.ActiveCfg = Release|Any CPU
		{717EAB7F-EC96-4706-9724-D10ED012224C}.Release|x86.Build.0 = Release|Any CPU
		{C661D33C-7344-484F-B6EA-B43BB1C3AFA3}.Debug|Any CPU.ActiveCfg = Debug|Any CPU
		{C661D33C-7344-484F-B6EA-B43BB1C3AFA3}.Debug|Any CPU.Build.0 = Debug|Any CPU
		{C661D33C-7344-484F-B6EA-B43BB1C3AFA3}.Debug|x64.ActiveCfg = Debug|Any CPU
		{C661D33C-7344-484F-B6EA-B43BB1C3AFA3}.Debug|x64.Build.0 = Debug|Any CPU
		{C661D33C-7344-484F-B6EA-B43BB1C3AFA3}.Debug|x86.ActiveCfg = Debug|Any CPU
		{C661D33C-7344-484F-B6EA-B43BB1C3AFA3}.Debug|x86.Build.0 = Debug|Any CPU
		{C661D33C-7344-484F-B6EA-B43BB1C3AFA3}.Release|Any CPU.ActiveCfg = Release|Any CPU
		{C661D33C-7344-484F-B6EA-B43BB1C3AFA3}.Release|Any CPU.Build.0 = Release|Any CPU
		{C661D33C-7344-484F-B6EA-B43BB1C3AFA3}.Release|x64.ActiveCfg = Release|Any CPU
		{C661D33C-7344-484F-B6EA-B43BB1C3AFA3}.Release|x64.Build.0 = Release|Any CPU
		{C661D33C-7344-484F-B6EA-B43BB1C3AFA3}.Release|x86.ActiveCfg = Release|Any CPU
		{C661D33C-7344-484F-B6EA-B43BB1C3AFA3}.Release|x86.Build.0 = Release|Any CPU
		{92268CB2-DF62-452D-A1E8-43E560EDE64E}.Debug|Any CPU.ActiveCfg = Debug|Any CPU
		{92268CB2-DF62-452D-A1E8-43E560EDE64E}.Debug|Any CPU.Build.0 = Debug|Any CPU
		{92268CB2-DF62-452D-A1E8-43E560EDE64E}.Debug|x64.ActiveCfg = Debug|Any CPU
		{92268CB2-DF62-452D-A1E8-43E560EDE64E}.Debug|x64.Build.0 = Debug|Any CPU
		{92268CB2-DF62-452D-A1E8-43E560EDE64E}.Debug|x86.ActiveCfg = Debug|Any CPU
		{92268CB2-DF62-452D-A1E8-43E560EDE64E}.Debug|x86.Build.0 = Debug|Any CPU
		{92268CB2-DF62-452D-A1E8-43E560EDE64E}.Release|Any CPU.ActiveCfg = Release|Any CPU
		{92268CB2-DF62-452D-A1E8-43E560EDE64E}.Release|Any CPU.Build.0 = Release|Any CPU
		{92268CB2-DF62-452D-A1E8-43E560EDE64E}.Release|x64.ActiveCfg = Release|Any CPU
		{92268CB2-DF62-452D-A1E8-43E560EDE64E}.Release|x64.Build.0 = Release|Any CPU
		{92268CB2-DF62-452D-A1E8-43E560EDE64E}.Release|x86.ActiveCfg = Release|Any CPU
		{92268CB2-DF62-452D-A1E8-43E560EDE64E}.Release|x86.Build.0 = Release|Any CPU
		{386B3129-5E0A-4224-88D4-9645BBE525E7}.Debug|Any CPU.ActiveCfg = Debug|Any CPU
		{386B3129-5E0A-4224-88D4-9645BBE525E7}.Debug|Any CPU.Build.0 = Debug|Any CPU
		{386B3129-5E0A-4224-88D4-9645BBE525E7}.Debug|x64.ActiveCfg = Debug|Any CPU
		{386B3129-5E0A-4224-88D4-9645BBE525E7}.Debug|x64.Build.0 = Debug|Any CPU
		{386B3129-5E0A-4224-88D4-9645BBE525E7}.Debug|x86.ActiveCfg = Debug|Any CPU
		{386B3129-5E0A-4224-88D4-9645BBE525E7}.Debug|x86.Build.0 = Debug|Any CPU
		{386B3129-5E0A-4224-88D4-9645BBE525E7}.Release|Any CPU.ActiveCfg = Release|Any CPU
		{386B3129-5E0A-4224-88D4-9645BBE525E7}.Release|Any CPU.Build.0 = Release|Any CPU
		{386B3129-5E0A-4224-88D4-9645BBE525E7}.Release|x64.ActiveCfg = Release|Any CPU
		{386B3129-5E0A-4224-88D4-9645BBE525E7}.Release|x64.Build.0 = Release|Any CPU
		{386B3129-5E0A-4224-88D4-9645BBE525E7}.Release|x86.ActiveCfg = Release|Any CPU
		{386B3129-5E0A-4224-88D4-9645BBE525E7}.Release|x86.Build.0 = Release|Any CPU
		{24E640A2-0E60-47A4-A9EE-B7CB64A2F7B1}.Debug|Any CPU.ActiveCfg = Debug|Any CPU
		{24E640A2-0E60-47A4-A9EE-B7CB64A2F7B1}.Debug|Any CPU.Build.0 = Debug|Any CPU
		{24E640A2-0E60-47A4-A9EE-B7CB64A2F7B1}.Debug|x64.ActiveCfg = Debug|Any CPU
		{24E640A2-0E60-47A4-A9EE-B7CB64A2F7B1}.Debug|x64.Build.0 = Debug|Any CPU
		{24E640A2-0E60-47A4-A9EE-B7CB64A2F7B1}.Debug|x86.ActiveCfg = Debug|Any CPU
		{24E640A2-0E60-47A4-A9EE-B7CB64A2F7B1}.Debug|x86.Build.0 = Debug|Any CPU
		{24E640A2-0E60-47A4-A9EE-B7CB64A2F7B1}.Release|Any CPU.ActiveCfg = Release|Any CPU
		{24E640A2-0E60-47A4-A9EE-B7CB64A2F7B1}.Release|Any CPU.Build.0 = Release|Any CPU
		{24E640A2-0E60-47A4-A9EE-B7CB64A2F7B1}.Release|x64.ActiveCfg = Release|Any CPU
		{24E640A2-0E60-47A4-A9EE-B7CB64A2F7B1}.Release|x64.Build.0 = Release|Any CPU
		{24E640A2-0E60-47A4-A9EE-B7CB64A2F7B1}.Release|x86.ActiveCfg = Release|Any CPU
		{24E640A2-0E60-47A4-A9EE-B7CB64A2F7B1}.Release|x86.Build.0 = Release|Any CPU
		{0C48AAF9-9B27-4082-9235-2CABB1E55F60}.Debug|Any CPU.ActiveCfg = Debug|Any CPU
		{0C48AAF9-9B27-4082-9235-2CABB1E55F60}.Debug|Any CPU.Build.0 = Debug|Any CPU
		{0C48AAF9-9B27-4082-9235-2CABB1E55F60}.Debug|x64.ActiveCfg = Debug|Any CPU
		{0C48AAF9-9B27-4082-9235-2CABB1E55F60}.Debug|x64.Build.0 = Debug|Any CPU
		{0C48AAF9-9B27-4082-9235-2CABB1E55F60}.Debug|x86.ActiveCfg = Debug|Any CPU
		{0C48AAF9-9B27-4082-9235-2CABB1E55F60}.Debug|x86.Build.0 = Debug|Any CPU
		{0C48AAF9-9B27-4082-9235-2CABB1E55F60}.Release|Any CPU.ActiveCfg = Release|Any CPU
		{0C48AAF9-9B27-4082-9235-2CABB1E55F60}.Release|Any CPU.Build.0 = Release|Any CPU
		{0C48AAF9-9B27-4082-9235-2CABB1E55F60}.Release|x64.ActiveCfg = Release|Any CPU
		{0C48AAF9-9B27-4082-9235-2CABB1E55F60}.Release|x64.Build.0 = Release|Any CPU
		{0C48AAF9-9B27-4082-9235-2CABB1E55F60}.Release|x86.ActiveCfg = Release|Any CPU
		{0C48AAF9-9B27-4082-9235-2CABB1E55F60}.Release|x86.Build.0 = Release|Any CPU
		{1A3367B7-7972-46FE-8575-E80ECD025524}.Debug|Any CPU.ActiveCfg = Debug|Any CPU
		{1A3367B7-7972-46FE-8575-E80ECD025524}.Debug|Any CPU.Build.0 = Debug|Any CPU
		{1A3367B7-7972-46FE-8575-E80ECD025524}.Debug|x64.ActiveCfg = Debug|Any CPU
		{1A3367B7-7972-46FE-8575-E80ECD025524}.Debug|x64.Build.0 = Debug|Any CPU
		{1A3367B7-7972-46FE-8575-E80ECD025524}.Debug|x86.ActiveCfg = Debug|Any CPU
		{1A3367B7-7972-46FE-8575-E80ECD025524}.Debug|x86.Build.0 = Debug|Any CPU
		{1A3367B7-7972-46FE-8575-E80ECD025524}.Release|Any CPU.ActiveCfg = Release|Any CPU
		{1A3367B7-7972-46FE-8575-E80ECD025524}.Release|Any CPU.Build.0 = Release|Any CPU
		{1A3367B7-7972-46FE-8575-E80ECD025524}.Release|x64.ActiveCfg = Release|Any CPU
		{1A3367B7-7972-46FE-8575-E80ECD025524}.Release|x64.Build.0 = Release|Any CPU
		{1A3367B7-7972-46FE-8575-E80ECD025524}.Release|x86.ActiveCfg = Release|Any CPU
		{1A3367B7-7972-46FE-8575-E80ECD025524}.Release|x86.Build.0 = Release|Any CPU
		{D73B981F-F61E-4E4A-9779-A58B3876EB35}.Debug|Any CPU.ActiveCfg = Debug|Any CPU
		{D73B981F-F61E-4E4A-9779-A58B3876EB35}.Debug|Any CPU.Build.0 = Debug|Any CPU
		{D73B981F-F61E-4E4A-9779-A58B3876EB35}.Debug|x64.ActiveCfg = Debug|Any CPU
		{D73B981F-F61E-4E4A-9779-A58B3876EB35}.Debug|x64.Build.0 = Debug|Any CPU
		{D73B981F-F61E-4E4A-9779-A58B3876EB35}.Debug|x86.ActiveCfg = Debug|Any CPU
		{D73B981F-F61E-4E4A-9779-A58B3876EB35}.Debug|x86.Build.0 = Debug|Any CPU
		{D73B981F-F61E-4E4A-9779-A58B3876EB35}.Release|Any CPU.ActiveCfg = Release|Any CPU
		{D73B981F-F61E-4E4A-9779-A58B3876EB35}.Release|Any CPU.Build.0 = Release|Any CPU
		{D73B981F-F61E-4E4A-9779-A58B3876EB35}.Release|x64.ActiveCfg = Release|Any CPU
		{D73B981F-F61E-4E4A-9779-A58B3876EB35}.Release|x64.Build.0 = Release|Any CPU
		{D73B981F-F61E-4E4A-9779-A58B3876EB35}.Release|x86.ActiveCfg = Release|Any CPU
		{D73B981F-F61E-4E4A-9779-A58B3876EB35}.Release|x86.Build.0 = Release|Any CPU
	EndGlobalSection
	GlobalSection(SolutionProperties) = preSolution
		HideSolutionNode = FALSE
	EndGlobalSection
	GlobalSection(NestedProjects) = preSolution
		{BCABFD6E-53DB-4BCB-B747-4E93A7D79349} = {539CFC57-D64E-474D-9994-020A73FC9F72}
		{717EAB7F-EC96-4706-9724-D10ED012224C} = {539CFC57-D64E-474D-9994-020A73FC9F72}
		{539CFC57-D64E-474D-9994-020A73FC9F72} = {8B5E4982-FAE1-4910-9CF8-7E130C776458}
		{70F767C5-9BEF-4E7D-B65C-CE1087F6858D} = {8B5E4982-FAE1-4910-9CF8-7E130C776458}
		{EE544DB4-E169-4256-8237-0824C152CA1D} = {B11E3030-AA5B-44BB-8B19-3C2D875A2341}
		{C661D33C-7344-484F-B6EA-B43BB1C3AFA3} = {539CFC57-D64E-474D-9994-020A73FC9F72}
		{92268CB2-DF62-452D-A1E8-43E560EDE64E} = {539CFC57-D64E-474D-9994-020A73FC9F72}
		{386B3129-5E0A-4224-88D4-9645BBE525E7} = {539CFC57-D64E-474D-9994-020A73FC9F72}
		{24E640A2-0E60-47A4-A9EE-B7CB64A2F7B1} = {EE544DB4-E169-4256-8237-0824C152CA1D}
		{0C48AAF9-9B27-4082-9235-2CABB1E55F60} = {EE544DB4-E169-4256-8237-0824C152CA1D}
		{1A3367B7-7972-46FE-8575-E80ECD025524} = {EE544DB4-E169-4256-8237-0824C152CA1D}
		{D73B981F-F61E-4E4A-9779-A58B3876EB35} = {EE544DB4-E169-4256-8237-0824C152CA1D}
	EndGlobalSection
	GlobalSection(ExtensibilityGlobals) = postSolution
		SolutionGuid = {B71E1E34-BE98-487B-9A8C-3A467312F888}
	EndGlobalSection
EndGlobal
