
Microsoft Visual Studio Solution File, Format Version 12.00
# Visual Studio Version 16
VisualStudioVersion = 16.0.29613.14
MinimumVisualStudioVersion = 15.0.26124.0
Project("{2150E333-8FDC-42A3-9474-1A3956D46DE8}") = "src", "src", "{8B5E4982-FAE1-4910-9CF8-7E130C776458}"
EndProject
Project("{9A19103F-16F7-4668-BE54-9A1E7A4F7556}") = "BookShop.API", "src\BookShop.API\BookShop.API.csproj", "{BCABFD6E-53DB-4BCB-B747-4E93A7D79349}"
EndProject
Project("{9A19103F-16F7-4668-BE54-9A1E7A4F7556}") = "BookShop.Domain", "src\BookShop.Domain\BookShop.Domain.csproj", "{717EAB7F-EC96-4706-9724-D10ED012224C}"
EndProject
Project("{2150E333-8FDC-42A3-9474-1A3956D46DE8}") = "BookShopService", "BookShopService", "{539CFC57-D64E-474D-9994-020A73FC9F72}"
EndProject
Project("{2150E333-8FDC-42A3-9474-1A3956D46DE8}") = "Tests", "Tests", "{B11E3030-AA5B-44BB-8B19-3C2D875A2341}"
EndProject
Project("{2150E333-8FDC-42A3-9474-1A3956D46DE8}") = "BookShopServiceTest", "BookShopServiceTest", "{EE544DB4-E169-4256-8237-0824C152CA1D}"
EndProject
Project("{9A19103F-16F7-4668-BE54-9A1E7A4F7556}") = "BookShop.EFRepository", "src\BookShop.EFRepository\BookShop.EFRepository.csproj", "{C661D33C-7344-484F-B6EA-B43BB1C3AFA3}"
EndProject
Project("{9A19103F-16F7-4668-BE54-9A1E7A4F7556}") = "BookShop.DapperRepository", "src\BookShop.DapperRepository\BookShop.DapperRepository.csproj", "{92268CB2-DF62-452D-A1E8-43E560EDE64E}"
EndProject
Project("{9A19103F-16F7-4668-BE54-9A1E7A4F7556}") = "BookShop.Services", "src\BookShop.Services\BookShop.Services.csproj", "{386B3129-5E0A-4224-88D4-9645BBE525E7}"
EndProject
Project("{9A19103F-16F7-4668-BE54-9A1E7A4F7556}") = "BookShop.API.Tests", "Tests\BookShop.API.Tests\BookShop.API.Tests.csproj", "{24E640A2-0E60-47A4-A9EE-B7CB64A2F7B1}"
EndProject
Project("{9A19103F-16F7-4668-BE54-9A1E7A4F7556}") = "BookShop.EFRepository.Tests", "Tests\BookShop.EFRepository.Tests\BookShop.EFRepository.Tests.csproj", "{0C48AAF9-9B27-4082-9235-2CABB1E55F60}"
EndProject
Project("{9A19103F-16F7-4668-BE54-9A1E7A4F7556}") = "BookShop.Services.Tests", "Tests\BookShop.Services.Tests\BookShop.Services.Tests.csproj", "{1A3367B7-7972-46FE-8575-E80ECD025524}"
EndProject
Project("{9A19103F-16F7-4668-BE54-9A1E7A4F7556}") = "BookShopFixtures", "Tests\BookShopFixtures\BookShopFixtures.csproj", "{D73B981F-F61E-4E4A-9779-A58B3876EB35}"
EndProject
Project("{2150E333-8FDC-42A3-9474-1A3956D46DE8}") = "BookCartService", "BookCartService", "{9E349F3B-86E2-496D-B4F0-239092B27FC1}"
EndProject
Project("{9A19103F-16F7-4668-BE54-9A1E7A4F7556}") = "BookCart.Domain", "src\BookCart.Domain\BookCart.Domain.csproj", "{8B8193D9-B686-495A-BD09-B7051B9E77BE}"
EndProject
Project("{9A19103F-16F7-4668-BE54-9A1E7A4F7556}") = "BookCart.Services", "src\BookCart.Services\BookCart.Services.csproj", "{0799D56E-7A5A-42DA-87CA-304850C64518}"
EndProject
Project("{9A19103F-16F7-4668-BE54-9A1E7A4F7556}") = "BookCart.EFRepository", "src\BookCart.EFRepository\BookCart.EFRepository.csproj", "{4F558B4E-1BF2-4C5A-8A2E-DC3F19B69396}"
EndProject
Project("{9A19103F-16F7-4668-BE54-9A1E7A4F7556}") = "BookCart.API", "src\BookCart.API\BookCart.API.csproj", "{313288C7-33B3-43AC-8A56-3A26DAB10331}"
EndProject
Project("{2150E333-8FDC-42A3-9474-1A3956D46DE8}") = "BookCartServiceTest", "BookCartServiceTest", "{01062755-3AFA-4F6B-B251-DFD80BA31EB7}"
EndProject
Project("{9A19103F-16F7-4668-BE54-9A1E7A4F7556}") = "Cart.Fixtures", "Tests\Cart.Fixtures\Cart.Fixtures.csproj", "{0C64794F-BC7F-41BC-849B-5FE06643A273}"
EndProject
Project("{9A19103F-16F7-4668-BE54-9A1E7A4F7556}") = "Cart.Domain.Tests", "Tests\Cart.Domain.Tests\Cart.Domain.Tests.csproj", "{E353E6CC-CAB8-4067-B0B6-7BFC4072164C}"
EndProject
Project("{9A19103F-16F7-4668-BE54-9A1E7A4F7556}") = "Cart.API.Tests", "Tests\Cart.API.Tests\Cart.API.Tests.csproj", "{2F84C59C-86BE-4953-B23B-B9C51590F135}"
EndProject
Project("{2150E333-8FDC-42A3-9474-1A3956D46DE8}") = "Library", "Library", "{6FE99EC4-AB81-49A7-836C-16BF02A1F826}"
EndProject
Project("{9A19103F-16F7-4668-BE54-9A1E7A4F7556}") = "BookShop.API.Contract", "src\Library\BookShop.API.Contract\BookShop.API.Contract.csproj", "{C88202C1-E388-4F1C-AF0A-534C8402601D}"
EndProject
Project("{9A19103F-16F7-4668-BE54-9A1E7A4F7556}") = "BookShop.API.Client", "src\Library\BookShop.API.Client\BookShop.API.Client.csproj", "{7A0FF0A9-4EDD-4DBD-BA26-1D2D9C29F3E3}"
EndProject
Project("{9A19103F-16F7-4668-BE54-9A1E7A4F7556}") = "EventBus", "src\Library\EventBus\EventBus\EventBus.csproj", "{C69EC091-3417-4A8B-A567-DEFF0D3AB6F7}"
EndProject
Project("{9A19103F-16F7-4668-BE54-9A1E7A4F7556}") = "EventBusRabbitMQ", "src\Library\EventBus\EventBusRabbitMQ\EventBusRabbitMQ.csproj", "{A86EEDA3-D316-4BD8-BFA9-20AAC78AF396}"
EndProject
Project("{9A19103F-16F7-4668-BE54-9A1E7A4F7556}") = "EventBusServiceBus", "src\Library\EventBus\EventBusServiceBus\EventBusServiceBus.csproj", "{1899C31B-2AD8-44A3-92AB-8591732A5CB9}"
EndProject
Project("{9A19103F-16F7-4668-BE54-9A1E7A4F7556}") = "IntegrationEventLogEF", "src\Library\EventBus\IntegrationEventLogEF\IntegrationEventLogEF.csproj", "{6E2123B0-842F-406D-8FE5-D455A4306D18}"
EndProject
Project("{2150E333-8FDC-42A3-9474-1A3956D46DE8}") = "LibraryTests", "LibraryTests", "{6CBF4ECE-1C48-442F-92CE-3E16BA30D778}"
EndProject
Project("{9A19103F-16F7-4668-BE54-9A1E7A4F7556}") = "EventBus.Tests", "src\Library\EventBus\EventBus.Tests\EventBus.Tests.csproj", "{FE6D943D-3636-4BDC-81E1-8C3EFFE8AD78}"
EndProject
Project("{E53339B2-1760-4266-BCC7-CA923CBCF16C}") = "docker-compose", "docker-compose.dcproj", "{D0AFA508-08A2-432D-A1B1-85BA7A67DB48}"
EndProject
Global
	GlobalSection(SolutionConfigurationPlatforms) = preSolution
		Debug|Any CPU = Debug|Any CPU
		Debug|x64 = Debug|x64
		Debug|x86 = Debug|x86
		Release|Any CPU = Release|Any CPU
		Release|x64 = Release|x64
		Release|x86 = Release|x86
	EndGlobalSection
	GlobalSection(ProjectConfigurationPlatforms) = postSolution
		{BCABFD6E-53DB-4BCB-B747-4E93A7D79349}.Debug|Any CPU.ActiveCfg = Debug|Any CPU
		{BCABFD6E-53DB-4BCB-B747-4E93A7D79349}.Debug|Any CPU.Build.0 = Debug|Any CPU
		{BCABFD6E-53DB-4BCB-B747-4E93A7D79349}.Debug|x64.ActiveCfg = Debug|Any CPU
		{BCABFD6E-53DB-4BCB-B747-4E93A7D79349}.Debug|x64.Build.0 = Debug|Any CPU
		{BCABFD6E-53DB-4BCB-B747-4E93A7D79349}.Debug|x86.ActiveCfg = Debug|Any CPU
		{BCABFD6E-53DB-4BCB-B747-4E93A7D79349}.Debug|x86.Build.0 = Debug|Any CPU
		{BCABFD6E-53DB-4BCB-B747-4E93A7D79349}.Release|Any CPU.ActiveCfg = Release|Any CPU
		{BCABFD6E-53DB-4BCB-B747-4E93A7D79349}.Release|Any CPU.Build.0 = Release|Any CPU
		{BCABFD6E-53DB-4BCB-B747-4E93A7D79349}.Release|x64.ActiveCfg = Release|Any CPU
		{BCABFD6E-53DB-4BCB-B747-4E93A7D79349}.Release|x64.Build.0 = Release|Any CPU
		{BCABFD6E-53DB-4BCB-B747-4E93A7D79349}.Release|x86.ActiveCfg = Release|Any CPU
		{BCABFD6E-53DB-4BCB-B747-4E93A7D79349}.Release|x86.Build.0 = Release|Any CPU
		{717EAB7F-EC96-4706-9724-D10ED012224C}.Debug|Any CPU.ActiveCfg = Debug|Any CPU
		{717EAB7F-EC96-4706-9724-D10ED012224C}.Debug|Any CPU.Build.0 = Debug|Any CPU
		{717EAB7F-EC96-4706-9724-D10ED012224C}.Debug|x64.ActiveCfg = Debug|Any CPU
		{717EAB7F-EC96-4706-9724-D10ED012224C}.Debug|x64.Build.0 = Debug|Any CPU
		{717EAB7F-EC96-4706-9724-D10ED012224C}.Debug|x86.ActiveCfg = Debug|Any CPU
		{717EAB7F-EC96-4706-9724-D10ED012224C}.Debug|x86.Build.0 = Debug|Any CPU
		{717EAB7F-EC96-4706-9724-D10ED012224C}.Release|Any CPU.ActiveCfg = Release|Any CPU
		{717EAB7F-EC96-4706-9724-D10ED012224C}.Release|Any CPU.Build.0 = Release|Any CPU
		{717EAB7F-EC96-4706-9724-D10ED012224C}.Release|x64.ActiveCfg = Release|Any CPU
		{717EAB7F-EC96-4706-9724-D10ED012224C}.Release|x64.Build.0 = Release|Any CPU
		{717EAB7F-EC96-4706-9724-D10ED012224C}.Release|x86.ActiveCfg = Release|Any CPU
		{717EAB7F-EC96-4706-9724-D10ED012224C}.Release|x86.Build.0 = Release|Any CPU
		{C661D33C-7344-484F-B6EA-B43BB1C3AFA3}.Debug|Any CPU.ActiveCfg = Debug|Any CPU
		{C661D33C-7344-484F-B6EA-B43BB1C3AFA3}.Debug|Any CPU.Build.0 = Debug|Any CPU
		{C661D33C-7344-484F-B6EA-B43BB1C3AFA3}.Debug|x64.ActiveCfg = Debug|Any CPU
		{C661D33C-7344-484F-B6EA-B43BB1C3AFA3}.Debug|x64.Build.0 = Debug|Any CPU
		{C661D33C-7344-484F-B6EA-B43BB1C3AFA3}.Debug|x86.ActiveCfg = Debug|Any CPU
		{C661D33C-7344-484F-B6EA-B43BB1C3AFA3}.Debug|x86.Build.0 = Debug|Any CPU
		{C661D33C-7344-484F-B6EA-B43BB1C3AFA3}.Release|Any CPU.ActiveCfg = Release|Any CPU
		{C661D33C-7344-484F-B6EA-B43BB1C3AFA3}.Release|Any CPU.Build.0 = Release|Any CPU
		{C661D33C-7344-484F-B6EA-B43BB1C3AFA3}.Release|x64.ActiveCfg = Release|Any CPU
		{C661D33C-7344-484F-B6EA-B43BB1C3AFA3}.Release|x64.Build.0 = Release|Any CPU
		{C661D33C-7344-484F-B6EA-B43BB1C3AFA3}.Release|x86.ActiveCfg = Release|Any CPU
		{C661D33C-7344-484F-B6EA-B43BB1C3AFA3}.Release|x86.Build.0 = Release|Any CPU
		{92268CB2-DF62-452D-A1E8-43E560EDE64E}.Debug|Any CPU.ActiveCfg = Debug|Any CPU
		{92268CB2-DF62-452D-A1E8-43E560EDE64E}.Debug|Any CPU.Build.0 = Debug|Any CPU
		{92268CB2-DF62-452D-A1E8-43E560EDE64E}.Debug|x64.ActiveCfg = Debug|Any CPU
		{92268CB2-DF62-452D-A1E8-43E560EDE64E}.Debug|x64.Build.0 = Debug|Any CPU
		{92268CB2-DF62-452D-A1E8-43E560EDE64E}.Debug|x86.ActiveCfg = Debug|Any CPU
		{92268CB2-DF62-452D-A1E8-43E560EDE64E}.Debug|x86.Build.0 = Debug|Any CPU
		{92268CB2-DF62-452D-A1E8-43E560EDE64E}.Release|Any CPU.ActiveCfg = Release|Any CPU
		{92268CB2-DF62-452D-A1E8-43E560EDE64E}.Release|Any CPU.Build.0 = Release|Any CPU
		{92268CB2-DF62-452D-A1E8-43E560EDE64E}.Release|x64.ActiveCfg = Release|Any CPU
		{92268CB2-DF62-452D-A1E8-43E560EDE64E}.Release|x64.Build.0 = Release|Any CPU
		{92268CB2-DF62-452D-A1E8-43E560EDE64E}.Release|x86.ActiveCfg = Release|Any CPU
		{92268CB2-DF62-452D-A1E8-43E560EDE64E}.Release|x86.Build.0 = Release|Any CPU
		{386B3129-5E0A-4224-88D4-9645BBE525E7}.Debug|Any CPU.ActiveCfg = Debug|Any CPU
		{386B3129-5E0A-4224-88D4-9645BBE525E7}.Debug|Any CPU.Build.0 = Debug|Any CPU
		{386B3129-5E0A-4224-88D4-9645BBE525E7}.Debug|x64.ActiveCfg = Debug|Any CPU
		{386B3129-5E0A-4224-88D4-9645BBE525E7}.Debug|x64.Build.0 = Debug|Any CPU
		{386B3129-5E0A-4224-88D4-9645BBE525E7}.Debug|x86.ActiveCfg = Debug|Any CPU
		{386B3129-5E0A-4224-88D4-9645BBE525E7}.Debug|x86.Build.0 = Debug|Any CPU
		{386B3129-5E0A-4224-88D4-9645BBE525E7}.Release|Any CPU.ActiveCfg = Release|Any CPU
		{386B3129-5E0A-4224-88D4-9645BBE525E7}.Release|Any CPU.Build.0 = Release|Any CPU
		{386B3129-5E0A-4224-88D4-9645BBE525E7}.Release|x64.ActiveCfg = Release|Any CPU
		{386B3129-5E0A-4224-88D4-9645BBE525E7}.Release|x64.Build.0 = Release|Any CPU
		{386B3129-5E0A-4224-88D4-9645BBE525E7}.Release|x86.ActiveCfg = Release|Any CPU
		{386B3129-5E0A-4224-88D4-9645BBE525E7}.Release|x86.Build.0 = Release|Any CPU
		{24E640A2-0E60-47A4-A9EE-B7CB64A2F7B1}.Debug|Any CPU.ActiveCfg = Debug|Any CPU
		{24E640A2-0E60-47A4-A9EE-B7CB64A2F7B1}.Debug|Any CPU.Build.0 = Debug|Any CPU
		{24E640A2-0E60-47A4-A9EE-B7CB64A2F7B1}.Debug|x64.ActiveCfg = Debug|Any CPU
		{24E640A2-0E60-47A4-A9EE-B7CB64A2F7B1}.Debug|x64.Build.0 = Debug|Any CPU
		{24E640A2-0E60-47A4-A9EE-B7CB64A2F7B1}.Debug|x86.ActiveCfg = Debug|Any CPU
		{24E640A2-0E60-47A4-A9EE-B7CB64A2F7B1}.Debug|x86.Build.0 = Debug|Any CPU
		{24E640A2-0E60-47A4-A9EE-B7CB64A2F7B1}.Release|Any CPU.ActiveCfg = Release|Any CPU
		{24E640A2-0E60-47A4-A9EE-B7CB64A2F7B1}.Release|Any CPU.Build.0 = Release|Any CPU
		{24E640A2-0E60-47A4-A9EE-B7CB64A2F7B1}.Release|x64.ActiveCfg = Release|Any CPU
		{24E640A2-0E60-47A4-A9EE-B7CB64A2F7B1}.Release|x64.Build.0 = Release|Any CPU
		{24E640A2-0E60-47A4-A9EE-B7CB64A2F7B1}.Release|x86.ActiveCfg = Release|Any CPU
		{24E640A2-0E60-47A4-A9EE-B7CB64A2F7B1}.Release|x86.Build.0 = Release|Any CPU
		{0C48AAF9-9B27-4082-9235-2CABB1E55F60}.Debug|Any CPU.ActiveCfg = Debug|Any CPU
		{0C48AAF9-9B27-4082-9235-2CABB1E55F60}.Debug|Any CPU.Build.0 = Debug|Any CPU
		{0C48AAF9-9B27-4082-9235-2CABB1E55F60}.Debug|x64.ActiveCfg = Debug|Any CPU
		{0C48AAF9-9B27-4082-9235-2CABB1E55F60}.Debug|x64.Build.0 = Debug|Any CPU
		{0C48AAF9-9B27-4082-9235-2CABB1E55F60}.Debug|x86.ActiveCfg = Debug|Any CPU
		{0C48AAF9-9B27-4082-9235-2CABB1E55F60}.Debug|x86.Build.0 = Debug|Any CPU
		{0C48AAF9-9B27-4082-9235-2CABB1E55F60}.Release|Any CPU.ActiveCfg = Release|Any CPU
		{0C48AAF9-9B27-4082-9235-2CABB1E55F60}.Release|Any CPU.Build.0 = Release|Any CPU
		{0C48AAF9-9B27-4082-9235-2CABB1E55F60}.Release|x64.ActiveCfg = Release|Any CPU
		{0C48AAF9-9B27-4082-9235-2CABB1E55F60}.Release|x64.Build.0 = Release|Any CPU
		{0C48AAF9-9B27-4082-9235-2CABB1E55F60}.Release|x86.ActiveCfg = Release|Any CPU
		{0C48AAF9-9B27-4082-9235-2CABB1E55F60}.Release|x86.Build.0 = Release|Any CPU
		{1A3367B7-7972-46FE-8575-E80ECD025524}.Debug|Any CPU.ActiveCfg = Debug|Any CPU
		{1A3367B7-7972-46FE-8575-E80ECD025524}.Debug|Any CPU.Build.0 = Debug|Any CPU
		{1A3367B7-7972-46FE-8575-E80ECD025524}.Debug|x64.ActiveCfg = Debug|Any CPU
		{1A3367B7-7972-46FE-8575-E80ECD025524}.Debug|x64.Build.0 = Debug|Any CPU
		{1A3367B7-7972-46FE-8575-E80ECD025524}.Debug|x86.ActiveCfg = Debug|Any CPU
		{1A3367B7-7972-46FE-8575-E80ECD025524}.Debug|x86.Build.0 = Debug|Any CPU
		{1A3367B7-7972-46FE-8575-E80ECD025524}.Release|Any CPU.ActiveCfg = Release|Any CPU
		{1A3367B7-7972-46FE-8575-E80ECD025524}.Release|Any CPU.Build.0 = Release|Any CPU
		{1A3367B7-7972-46FE-8575-E80ECD025524}.Release|x64.ActiveCfg = Release|Any CPU
		{1A3367B7-7972-46FE-8575-E80ECD025524}.Release|x64.Build.0 = Release|Any CPU
		{1A3367B7-7972-46FE-8575-E80ECD025524}.Release|x86.ActiveCfg = Release|Any CPU
		{1A3367B7-7972-46FE-8575-E80ECD025524}.Release|x86.Build.0 = Release|Any CPU
		{D73B981F-F61E-4E4A-9779-A58B3876EB35}.Debug|Any CPU.ActiveCfg = Debug|Any CPU
		{D73B981F-F61E-4E4A-9779-A58B3876EB35}.Debug|Any CPU.Build.0 = Debug|Any CPU
		{D73B981F-F61E-4E4A-9779-A58B3876EB35}.Debug|x64.ActiveCfg = Debug|Any CPU
		{D73B981F-F61E-4E4A-9779-A58B3876EB35}.Debug|x64.Build.0 = Debug|Any CPU
		{D73B981F-F61E-4E4A-9779-A58B3876EB35}.Debug|x86.ActiveCfg = Debug|Any CPU
		{D73B981F-F61E-4E4A-9779-A58B3876EB35}.Debug|x86.Build.0 = Debug|Any CPU
		{D73B981F-F61E-4E4A-9779-A58B3876EB35}.Release|Any CPU.ActiveCfg = Release|Any CPU
		{D73B981F-F61E-4E4A-9779-A58B3876EB35}.Release|Any CPU.Build.0 = Release|Any CPU
		{D73B981F-F61E-4E4A-9779-A58B3876EB35}.Release|x64.ActiveCfg = Release|Any CPU
		{D73B981F-F61E-4E4A-9779-A58B3876EB35}.Release|x64.Build.0 = Release|Any CPU
		{D73B981F-F61E-4E4A-9779-A58B3876EB35}.Release|x86.ActiveCfg = Release|Any CPU
		{D73B981F-F61E-4E4A-9779-A58B3876EB35}.Release|x86.Build.0 = Release|Any CPU
		{8B8193D9-B686-495A-BD09-B7051B9E77BE}.Debug|Any CPU.ActiveCfg = Debug|Any CPU
		{8B8193D9-B686-495A-BD09-B7051B9E77BE}.Debug|Any CPU.Build.0 = Debug|Any CPU
		{8B8193D9-B686-495A-BD09-B7051B9E77BE}.Debug|x64.ActiveCfg = Debug|Any CPU
		{8B8193D9-B686-495A-BD09-B7051B9E77BE}.Debug|x64.Build.0 = Debug|Any CPU
		{8B8193D9-B686-495A-BD09-B7051B9E77BE}.Debug|x86.ActiveCfg = Debug|Any CPU
		{8B8193D9-B686-495A-BD09-B7051B9E77BE}.Debug|x86.Build.0 = Debug|Any CPU
		{8B8193D9-B686-495A-BD09-B7051B9E77BE}.Release|Any CPU.ActiveCfg = Release|Any CPU
		{8B8193D9-B686-495A-BD09-B7051B9E77BE}.Release|Any CPU.Build.0 = Release|Any CPU
		{8B8193D9-B686-495A-BD09-B7051B9E77BE}.Release|x64.ActiveCfg = Release|Any CPU
		{8B8193D9-B686-495A-BD09-B7051B9E77BE}.Release|x64.Build.0 = Release|Any CPU
		{8B8193D9-B686-495A-BD09-B7051B9E77BE}.Release|x86.ActiveCfg = Release|Any CPU
		{8B8193D9-B686-495A-BD09-B7051B9E77BE}.Release|x86.Build.0 = Release|Any CPU
		{0799D56E-7A5A-42DA-87CA-304850C64518}.Debug|Any CPU.ActiveCfg = Debug|Any CPU
		{0799D56E-7A5A-42DA-87CA-304850C64518}.Debug|Any CPU.Build.0 = Debug|Any CPU
		{0799D56E-7A5A-42DA-87CA-304850C64518}.Debug|x64.ActiveCfg = Debug|Any CPU
		{0799D56E-7A5A-42DA-87CA-304850C64518}.Debug|x64.Build.0 = Debug|Any CPU
		{0799D56E-7A5A-42DA-87CA-304850C64518}.Debug|x86.ActiveCfg = Debug|Any CPU
		{0799D56E-7A5A-42DA-87CA-304850C64518}.Debug|x86.Build.0 = Debug|Any CPU
		{0799D56E-7A5A-42DA-87CA-304850C64518}.Release|Any CPU.ActiveCfg = Release|Any CPU
		{0799D56E-7A5A-42DA-87CA-304850C64518}.Release|Any CPU.Build.0 = Release|Any CPU
		{0799D56E-7A5A-42DA-87CA-304850C64518}.Release|x64.ActiveCfg = Release|Any CPU
		{0799D56E-7A5A-42DA-87CA-304850C64518}.Release|x64.Build.0 = Release|Any CPU
		{0799D56E-7A5A-42DA-87CA-304850C64518}.Release|x86.ActiveCfg = Release|Any CPU
		{0799D56E-7A5A-42DA-87CA-304850C64518}.Release|x86.Build.0 = Release|Any CPU
		{4F558B4E-1BF2-4C5A-8A2E-DC3F19B69396}.Debug|Any CPU.ActiveCfg = Debug|Any CPU
		{4F558B4E-1BF2-4C5A-8A2E-DC3F19B69396}.Debug|Any CPU.Build.0 = Debug|Any CPU
		{4F558B4E-1BF2-4C5A-8A2E-DC3F19B69396}.Debug|x64.ActiveCfg = Debug|Any CPU
		{4F558B4E-1BF2-4C5A-8A2E-DC3F19B69396}.Debug|x64.Build.0 = Debug|Any CPU
		{4F558B4E-1BF2-4C5A-8A2E-DC3F19B69396}.Debug|x86.ActiveCfg = Debug|Any CPU
		{4F558B4E-1BF2-4C5A-8A2E-DC3F19B69396}.Debug|x86.Build.0 = Debug|Any CPU
		{4F558B4E-1BF2-4C5A-8A2E-DC3F19B69396}.Release|Any CPU.ActiveCfg = Release|Any CPU
		{4F558B4E-1BF2-4C5A-8A2E-DC3F19B69396}.Release|Any CPU.Build.0 = Release|Any CPU
		{4F558B4E-1BF2-4C5A-8A2E-DC3F19B69396}.Release|x64.ActiveCfg = Release|Any CPU
		{4F558B4E-1BF2-4C5A-8A2E-DC3F19B69396}.Release|x64.Build.0 = Release|Any CPU
		{4F558B4E-1BF2-4C5A-8A2E-DC3F19B69396}.Release|x86.ActiveCfg = Release|Any CPU
		{4F558B4E-1BF2-4C5A-8A2E-DC3F19B69396}.Release|x86.Build.0 = Release|Any CPU
		{313288C7-33B3-43AC-8A56-3A26DAB10331}.Debug|Any CPU.ActiveCfg = Debug|Any CPU
		{313288C7-33B3-43AC-8A56-3A26DAB10331}.Debug|Any CPU.Build.0 = Debug|Any CPU
		{313288C7-33B3-43AC-8A56-3A26DAB10331}.Debug|x64.ActiveCfg = Debug|Any CPU
		{313288C7-33B3-43AC-8A56-3A26DAB10331}.Debug|x64.Build.0 = Debug|Any CPU
		{313288C7-33B3-43AC-8A56-3A26DAB10331}.Debug|x86.ActiveCfg = Debug|Any CPU
		{313288C7-33B3-43AC-8A56-3A26DAB10331}.Debug|x86.Build.0 = Debug|Any CPU
		{313288C7-33B3-43AC-8A56-3A26DAB10331}.Release|Any CPU.ActiveCfg = Release|Any CPU
		{313288C7-33B3-43AC-8A56-3A26DAB10331}.Release|Any CPU.Build.0 = Release|Any CPU
		{313288C7-33B3-43AC-8A56-3A26DAB10331}.Release|x64.ActiveCfg = Release|Any CPU
		{313288C7-33B3-43AC-8A56-3A26DAB10331}.Release|x64.Build.0 = Release|Any CPU
		{313288C7-33B3-43AC-8A56-3A26DAB10331}.Release|x86.ActiveCfg = Release|Any CPU
		{313288C7-33B3-43AC-8A56-3A26DAB10331}.Release|x86.Build.0 = Release|Any CPU
		{0C64794F-BC7F-41BC-849B-5FE06643A273}.Debug|Any CPU.ActiveCfg = Debug|Any CPU
		{0C64794F-BC7F-41BC-849B-5FE06643A273}.Debug|Any CPU.Build.0 = Debug|Any CPU
		{0C64794F-BC7F-41BC-849B-5FE06643A273}.Debug|x64.ActiveCfg = Debug|Any CPU
		{0C64794F-BC7F-41BC-849B-5FE06643A273}.Debug|x64.Build.0 = Debug|Any CPU
		{0C64794F-BC7F-41BC-849B-5FE06643A273}.Debug|x86.ActiveCfg = Debug|Any CPU
		{0C64794F-BC7F-41BC-849B-5FE06643A273}.Debug|x86.Build.0 = Debug|Any CPU
		{0C64794F-BC7F-41BC-849B-5FE06643A273}.Release|Any CPU.ActiveCfg = Release|Any CPU
		{0C64794F-BC7F-41BC-849B-5FE06643A273}.Release|Any CPU.Build.0 = Release|Any CPU
		{0C64794F-BC7F-41BC-849B-5FE06643A273}.Release|x64.ActiveCfg = Release|Any CPU
		{0C64794F-BC7F-41BC-849B-5FE06643A273}.Release|x64.Build.0 = Release|Any CPU
		{0C64794F-BC7F-41BC-849B-5FE06643A273}.Release|x86.ActiveCfg = Release|Any CPU
		{0C64794F-BC7F-41BC-849B-5FE06643A273}.Release|x86.Build.0 = Release|Any CPU
		{E353E6CC-CAB8-4067-B0B6-7BFC4072164C}.Debug|Any CPU.ActiveCfg = Debug|Any CPU
		{E353E6CC-CAB8-4067-B0B6-7BFC4072164C}.Debug|Any CPU.Build.0 = Debug|Any CPU
		{E353E6CC-CAB8-4067-B0B6-7BFC4072164C}.Debug|x64.ActiveCfg = Debug|Any CPU
		{E353E6CC-CAB8-4067-B0B6-7BFC4072164C}.Debug|x64.Build.0 = Debug|Any CPU
		{E353E6CC-CAB8-4067-B0B6-7BFC4072164C}.Debug|x86.ActiveCfg = Debug|Any CPU
		{E353E6CC-CAB8-4067-B0B6-7BFC4072164C}.Debug|x86.Build.0 = Debug|Any CPU
		{E353E6CC-CAB8-4067-B0B6-7BFC4072164C}.Release|Any CPU.ActiveCfg = Release|Any CPU
		{E353E6CC-CAB8-4067-B0B6-7BFC4072164C}.Release|Any CPU.Build.0 = Release|Any CPU
		{E353E6CC-CAB8-4067-B0B6-7BFC4072164C}.Release|x64.ActiveCfg = Release|Any CPU
		{E353E6CC-CAB8-4067-B0B6-7BFC4072164C}.Release|x64.Build.0 = Release|Any CPU
		{E353E6CC-CAB8-4067-B0B6-7BFC4072164C}.Release|x86.ActiveCfg = Release|Any CPU
		{E353E6CC-CAB8-4067-B0B6-7BFC4072164C}.Release|x86.Build.0 = Release|Any CPU
		{2F84C59C-86BE-4953-B23B-B9C51590F135}.Debug|Any CPU.ActiveCfg = Debug|Any CPU
		{2F84C59C-86BE-4953-B23B-B9C51590F135}.Debug|Any CPU.Build.0 = Debug|Any CPU
		{2F84C59C-86BE-4953-B23B-B9C51590F135}.Debug|x64.ActiveCfg = Debug|Any CPU
		{2F84C59C-86BE-4953-B23B-B9C51590F135}.Debug|x64.Build.0 = Debug|Any CPU
		{2F84C59C-86BE-4953-B23B-B9C51590F135}.Debug|x86.ActiveCfg = Debug|Any CPU
		{2F84C59C-86BE-4953-B23B-B9C51590F135}.Debug|x86.Build.0 = Debug|Any CPU
		{2F84C59C-86BE-4953-B23B-B9C51590F135}.Release|Any CPU.ActiveCfg = Release|Any CPU
		{2F84C59C-86BE-4953-B23B-B9C51590F135}.Release|Any CPU.Build.0 = Release|Any CPU
		{2F84C59C-86BE-4953-B23B-B9C51590F135}.Release|x64.ActiveCfg = Release|Any CPU
		{2F84C59C-86BE-4953-B23B-B9C51590F135}.Release|x64.Build.0 = Release|Any CPU
		{2F84C59C-86BE-4953-B23B-B9C51590F135}.Release|x86.ActiveCfg = Release|Any CPU
		{2F84C59C-86BE-4953-B23B-B9C51590F135}.Release|x86.Build.0 = Release|Any CPU
		{C88202C1-E388-4F1C-AF0A-534C8402601D}.Debug|Any CPU.ActiveCfg = Debug|Any CPU
		{C88202C1-E388-4F1C-AF0A-534C8402601D}.Debug|Any CPU.Build.0 = Debug|Any CPU
		{C88202C1-E388-4F1C-AF0A-534C8402601D}.Debug|x64.ActiveCfg = Debug|Any CPU
		{C88202C1-E388-4F1C-AF0A-534C8402601D}.Debug|x64.Build.0 = Debug|Any CPU
		{C88202C1-E388-4F1C-AF0A-534C8402601D}.Debug|x86.ActiveCfg = Debug|Any CPU
		{C88202C1-E388-4F1C-AF0A-534C8402601D}.Debug|x86.Build.0 = Debug|Any CPU
		{C88202C1-E388-4F1C-AF0A-534C8402601D}.Release|Any CPU.ActiveCfg = Release|Any CPU
		{C88202C1-E388-4F1C-AF0A-534C8402601D}.Release|Any CPU.Build.0 = Release|Any CPU
		{C88202C1-E388-4F1C-AF0A-534C8402601D}.Release|x64.ActiveCfg = Release|Any CPU
		{C88202C1-E388-4F1C-AF0A-534C8402601D}.Release|x64.Build.0 = Release|Any CPU
		{C88202C1-E388-4F1C-AF0A-534C8402601D}.Release|x86.ActiveCfg = Release|Any CPU
		{C88202C1-E388-4F1C-AF0A-534C8402601D}.Release|x86.Build.0 = Release|Any CPU
		{7A0FF0A9-4EDD-4DBD-BA26-1D2D9C29F3E3}.Debug|Any CPU.ActiveCfg = Debug|Any CPU
		{7A0FF0A9-4EDD-4DBD-BA26-1D2D9C29F3E3}.Debug|Any CPU.Build.0 = Debug|Any CPU
		{7A0FF0A9-4EDD-4DBD-BA26-1D2D9C29F3E3}.Debug|x64.ActiveCfg = Debug|Any CPU
		{7A0FF0A9-4EDD-4DBD-BA26-1D2D9C29F3E3}.Debug|x64.Build.0 = Debug|Any CPU
		{7A0FF0A9-4EDD-4DBD-BA26-1D2D9C29F3E3}.Debug|x86.ActiveCfg = Debug|Any CPU
		{7A0FF0A9-4EDD-4DBD-BA26-1D2D9C29F3E3}.Debug|x86.Build.0 = Debug|Any CPU
		{7A0FF0A9-4EDD-4DBD-BA26-1D2D9C29F3E3}.Release|Any CPU.ActiveCfg = Release|Any CPU
		{7A0FF0A9-4EDD-4DBD-BA26-1D2D9C29F3E3}.Release|Any CPU.Build.0 = Release|Any CPU
		{7A0FF0A9-4EDD-4DBD-BA26-1D2D9C29F3E3}.Release|x64.ActiveCfg = Release|Any CPU
		{7A0FF0A9-4EDD-4DBD-BA26-1D2D9C29F3E3}.Release|x64.Build.0 = Release|Any CPU
		{7A0FF0A9-4EDD-4DBD-BA26-1D2D9C29F3E3}.Release|x86.ActiveCfg = Release|Any CPU
		{7A0FF0A9-4EDD-4DBD-BA26-1D2D9C29F3E3}.Release|x86.Build.0 = Release|Any CPU
		{C69EC091-3417-4A8B-A567-DEFF0D3AB6F7}.Debug|Any CPU.ActiveCfg = Debug|Any CPU
		{C69EC091-3417-4A8B-A567-DEFF0D3AB6F7}.Debug|Any CPU.Build.0 = Debug|Any CPU
		{C69EC091-3417-4A8B-A567-DEFF0D3AB6F7}.Debug|x64.ActiveCfg = Debug|Any CPU
		{C69EC091-3417-4A8B-A567-DEFF0D3AB6F7}.Debug|x64.Build.0 = Debug|Any CPU
		{C69EC091-3417-4A8B-A567-DEFF0D3AB6F7}.Debug|x86.ActiveCfg = Debug|Any CPU
		{C69EC091-3417-4A8B-A567-DEFF0D3AB6F7}.Debug|x86.Build.0 = Debug|Any CPU
		{C69EC091-3417-4A8B-A567-DEFF0D3AB6F7}.Release|Any CPU.ActiveCfg = Release|Any CPU
		{C69EC091-3417-4A8B-A567-DEFF0D3AB6F7}.Release|Any CPU.Build.0 = Release|Any CPU
		{C69EC091-3417-4A8B-A567-DEFF0D3AB6F7}.Release|x64.ActiveCfg = Release|Any CPU
		{C69EC091-3417-4A8B-A567-DEFF0D3AB6F7}.Release|x64.Build.0 = Release|Any CPU
		{C69EC091-3417-4A8B-A567-DEFF0D3AB6F7}.Release|x86.ActiveCfg = Release|Any CPU
		{C69EC091-3417-4A8B-A567-DEFF0D3AB6F7}.Release|x86.Build.0 = Release|Any CPU
		{A86EEDA3-D316-4BD8-BFA9-20AAC78AF396}.Debug|Any CPU.ActiveCfg = Debug|Any CPU
		{A86EEDA3-D316-4BD8-BFA9-20AAC78AF396}.Debug|Any CPU.Build.0 = Debug|Any CPU
		{A86EEDA3-D316-4BD8-BFA9-20AAC78AF396}.Debug|x64.ActiveCfg = Debug|Any CPU
		{A86EEDA3-D316-4BD8-BFA9-20AAC78AF396}.Debug|x64.Build.0 = Debug|Any CPU
		{A86EEDA3-D316-4BD8-BFA9-20AAC78AF396}.Debug|x86.ActiveCfg = Debug|Any CPU
		{A86EEDA3-D316-4BD8-BFA9-20AAC78AF396}.Debug|x86.Build.0 = Debug|Any CPU
		{A86EEDA3-D316-4BD8-BFA9-20AAC78AF396}.Release|Any CPU.ActiveCfg = Release|Any CPU
		{A86EEDA3-D316-4BD8-BFA9-20AAC78AF396}.Release|Any CPU.Build.0 = Release|Any CPU
		{A86EEDA3-D316-4BD8-BFA9-20AAC78AF396}.Release|x64.ActiveCfg = Release|Any CPU
		{A86EEDA3-D316-4BD8-BFA9-20AAC78AF396}.Release|x64.Build.0 = Release|Any CPU
		{A86EEDA3-D316-4BD8-BFA9-20AAC78AF396}.Release|x86.ActiveCfg = Release|Any CPU
		{A86EEDA3-D316-4BD8-BFA9-20AAC78AF396}.Release|x86.Build.0 = Release|Any CPU
		{1899C31B-2AD8-44A3-92AB-8591732A5CB9}.Debug|Any CPU.ActiveCfg = Debug|Any CPU
		{1899C31B-2AD8-44A3-92AB-8591732A5CB9}.Debug|Any CPU.Build.0 = Debug|Any CPU
		{1899C31B-2AD8-44A3-92AB-8591732A5CB9}.Debug|x64.ActiveCfg = Debug|Any CPU
		{1899C31B-2AD8-44A3-92AB-8591732A5CB9}.Debug|x64.Build.0 = Debug|Any CPU
		{1899C31B-2AD8-44A3-92AB-8591732A5CB9}.Debug|x86.ActiveCfg = Debug|Any CPU
		{1899C31B-2AD8-44A3-92AB-8591732A5CB9}.Debug|x86.Build.0 = Debug|Any CPU
		{1899C31B-2AD8-44A3-92AB-8591732A5CB9}.Release|Any CPU.ActiveCfg = Release|Any CPU
		{1899C31B-2AD8-44A3-92AB-8591732A5CB9}.Release|Any CPU.Build.0 = Release|Any CPU
		{1899C31B-2AD8-44A3-92AB-8591732A5CB9}.Release|x64.ActiveCfg = Release|Any CPU
		{1899C31B-2AD8-44A3-92AB-8591732A5CB9}.Release|x64.Build.0 = Release|Any CPU
		{1899C31B-2AD8-44A3-92AB-8591732A5CB9}.Release|x86.ActiveCfg = Release|Any CPU
		{1899C31B-2AD8-44A3-92AB-8591732A5CB9}.Release|x86.Build.0 = Release|Any CPU
		{6E2123B0-842F-406D-8FE5-D455A4306D18}.Debug|Any CPU.ActiveCfg = Debug|Any CPU
		{6E2123B0-842F-406D-8FE5-D455A4306D18}.Debug|Any CPU.Build.0 = Debug|Any CPU
		{6E2123B0-842F-406D-8FE5-D455A4306D18}.Debug|x64.ActiveCfg = Debug|Any CPU
		{6E2123B0-842F-406D-8FE5-D455A4306D18}.Debug|x64.Build.0 = Debug|Any CPU
		{6E2123B0-842F-406D-8FE5-D455A4306D18}.Debug|x86.ActiveCfg = Debug|Any CPU
		{6E2123B0-842F-406D-8FE5-D455A4306D18}.Debug|x86.Build.0 = Debug|Any CPU
		{6E2123B0-842F-406D-8FE5-D455A4306D18}.Release|Any CPU.ActiveCfg = Release|Any CPU
		{6E2123B0-842F-406D-8FE5-D455A4306D18}.Release|Any CPU.Build.0 = Release|Any CPU
		{6E2123B0-842F-406D-8FE5-D455A4306D18}.Release|x64.ActiveCfg = Release|Any CPU
		{6E2123B0-842F-406D-8FE5-D455A4306D18}.Release|x64.Build.0 = Release|Any CPU
		{6E2123B0-842F-406D-8FE5-D455A4306D18}.Release|x86.ActiveCfg = Release|Any CPU
		{6E2123B0-842F-406D-8FE5-D455A4306D18}.Release|x86.Build.0 = Release|Any CPU
		{FE6D943D-3636-4BDC-81E1-8C3EFFE8AD78}.Debug|Any CPU.ActiveCfg = Debug|Any CPU
		{FE6D943D-3636-4BDC-81E1-8C3EFFE8AD78}.Debug|Any CPU.Build.0 = Debug|Any CPU
		{FE6D943D-3636-4BDC-81E1-8C3EFFE8AD78}.Debug|x64.ActiveCfg = Debug|Any CPU
		{FE6D943D-3636-4BDC-81E1-8C3EFFE8AD78}.Debug|x64.Build.0 = Debug|Any CPU
		{FE6D943D-3636-4BDC-81E1-8C3EFFE8AD78}.Debug|x86.ActiveCfg = Debug|Any CPU
		{FE6D943D-3636-4BDC-81E1-8C3EFFE8AD78}.Debug|x86.Build.0 = Debug|Any CPU
		{FE6D943D-3636-4BDC-81E1-8C3EFFE8AD78}.Release|Any CPU.ActiveCfg = Release|Any CPU
		{FE6D943D-3636-4BDC-81E1-8C3EFFE8AD78}.Release|Any CPU.Build.0 = Release|Any CPU
		{FE6D943D-3636-4BDC-81E1-8C3EFFE8AD78}.Release|x64.ActiveCfg = Release|Any CPU
		{FE6D943D-3636-4BDC-81E1-8C3EFFE8AD78}.Release|x64.Build.0 = Release|Any CPU
		{FE6D943D-3636-4BDC-81E1-8C3EFFE8AD78}.Release|x86.ActiveCfg = Release|Any CPU
		{FE6D943D-3636-4BDC-81E1-8C3EFFE8AD78}.Release|x86.Build.0 = Release|Any CPU
		{D0AFA508-08A2-432D-A1B1-85BA7A67DB48}.Debug|Any CPU.ActiveCfg = Debug|Any CPU
		{D0AFA508-08A2-432D-A1B1-85BA7A67DB48}.Debug|Any CPU.Build.0 = Debug|Any CPU
		{D0AFA508-08A2-432D-A1B1-85BA7A67DB48}.Debug|x64.ActiveCfg = Debug|Any CPU
		{D0AFA508-08A2-432D-A1B1-85BA7A67DB48}.Debug|x64.Build.0 = Debug|Any CPU
		{D0AFA508-08A2-432D-A1B1-85BA7A67DB48}.Debug|x86.ActiveCfg = Debug|Any CPU
		{D0AFA508-08A2-432D-A1B1-85BA7A67DB48}.Debug|x86.Build.0 = Debug|Any CPU
		{D0AFA508-08A2-432D-A1B1-85BA7A67DB48}.Release|Any CPU.ActiveCfg = Release|Any CPU
		{D0AFA508-08A2-432D-A1B1-85BA7A67DB48}.Release|Any CPU.Build.0 = Release|Any CPU
		{D0AFA508-08A2-432D-A1B1-85BA7A67DB48}.Release|x64.ActiveCfg = Release|Any CPU
		{D0AFA508-08A2-432D-A1B1-85BA7A67DB48}.Release|x64.Build.0 = Release|Any CPU
		{D0AFA508-08A2-432D-A1B1-85BA7A67DB48}.Release|x86.ActiveCfg = Release|Any CPU
		{D0AFA508-08A2-432D-A1B1-85BA7A67DB48}.Release|x86.Build.0 = Release|Any CPU
	EndGlobalSection
	GlobalSection(SolutionProperties) = preSolution
		HideSolutionNode = FALSE
	EndGlobalSection
	GlobalSection(NestedProjects) = preSolution
		{BCABFD6E-53DB-4BCB-B747-4E93A7D79349} = {539CFC57-D64E-474D-9994-020A73FC9F72}
		{717EAB7F-EC96-4706-9724-D10ED012224C} = {539CFC57-D64E-474D-9994-020A73FC9F72}
		{539CFC57-D64E-474D-9994-020A73FC9F72} = {8B5E4982-FAE1-4910-9CF8-7E130C776458}
		{EE544DB4-E169-4256-8237-0824C152CA1D} = {B11E3030-AA5B-44BB-8B19-3C2D875A2341}
		{C661D33C-7344-484F-B6EA-B43BB1C3AFA3} = {539CFC57-D64E-474D-9994-020A73FC9F72}
		{92268CB2-DF62-452D-A1E8-43E560EDE64E} = {539CFC57-D64E-474D-9994-020A73FC9F72}
		{386B3129-5E0A-4224-88D4-9645BBE525E7} = {539CFC57-D64E-474D-9994-020A73FC9F72}
		{24E640A2-0E60-47A4-A9EE-B7CB64A2F7B1} = {EE544DB4-E169-4256-8237-0824C152CA1D}
		{0C48AAF9-9B27-4082-9235-2CABB1E55F60} = {EE544DB4-E169-4256-8237-0824C152CA1D}
		{1A3367B7-7972-46FE-8575-E80ECD025524} = {EE544DB4-E169-4256-8237-0824C152CA1D}
		{D73B981F-F61E-4E4A-9779-A58B3876EB35} = {EE544DB4-E169-4256-8237-0824C152CA1D}
		{9E349F3B-86E2-496D-B4F0-239092B27FC1} = {8B5E4982-FAE1-4910-9CF8-7E130C776458}
		{8B8193D9-B686-495A-BD09-B7051B9E77BE} = {9E349F3B-86E2-496D-B4F0-239092B27FC1}
		{0799D56E-7A5A-42DA-87CA-304850C64518} = {9E349F3B-86E2-496D-B4F0-239092B27FC1}
		{4F558B4E-1BF2-4C5A-8A2E-DC3F19B69396} = {9E349F3B-86E2-496D-B4F0-239092B27FC1}
		{313288C7-33B3-43AC-8A56-3A26DAB10331} = {9E349F3B-86E2-496D-B4F0-239092B27FC1}
		{01062755-3AFA-4F6B-B251-DFD80BA31EB7} = {B11E3030-AA5B-44BB-8B19-3C2D875A2341}
		{0C64794F-BC7F-41BC-849B-5FE06643A273} = {01062755-3AFA-4F6B-B251-DFD80BA31EB7}
		{E353E6CC-CAB8-4067-B0B6-7BFC4072164C} = {01062755-3AFA-4F6B-B251-DFD80BA31EB7}
		{2F84C59C-86BE-4953-B23B-B9C51590F135} = {01062755-3AFA-4F6B-B251-DFD80BA31EB7}
		{6FE99EC4-AB81-49A7-836C-16BF02A1F826} = {8B5E4982-FAE1-4910-9CF8-7E130C776458}
		{C88202C1-E388-4F1C-AF0A-534C8402601D} = {6FE99EC4-AB81-49A7-836C-16BF02A1F826}
		{7A0FF0A9-4EDD-4DBD-BA26-1D2D9C29F3E3} = {6FE99EC4-AB81-49A7-836C-16BF02A1F826}
		{C69EC091-3417-4A8B-A567-DEFF0D3AB6F7} = {6FE99EC4-AB81-49A7-836C-16BF02A1F826}
		{A86EEDA3-D316-4BD8-BFA9-20AAC78AF396} = {6FE99EC4-AB81-49A7-836C-16BF02A1F826}
		{1899C31B-2AD8-44A3-92AB-8591732A5CB9} = {6FE99EC4-AB81-49A7-836C-16BF02A1F826}
		{6E2123B0-842F-406D-8FE5-D455A4306D18} = {6FE99EC4-AB81-49A7-836C-16BF02A1F826}
		{6CBF4ECE-1C48-442F-92CE-3E16BA30D778} = {B11E3030-AA5B-44BB-8B19-3C2D875A2341}
		{FE6D943D-3636-4BDC-81E1-8C3EFFE8AD78} = {6CBF4ECE-1C48-442F-92CE-3E16BA30D778}
	EndGlobalSection
	GlobalSection(ExtensibilityGlobals) = postSolution
		SolutionGuid = {B71E1E34-BE98-487B-9A8C-3A467312F888}
	EndGlobalSection
EndGlobal
